{
  "name": "wxappunpacker-master",
  "version": "1.0.0",
  "lockfileVersion": 1,
  "requires": true,
  "dependencies": {
    "commander": {
      "version": "2.13.0",
      "resolved": "http://registry.npm.taobao.org/commander/download/commander-2.13.0.tgz",
      "integrity": "sha1-aWS8pnaF33wfFDDFhPB9dZeIW5w="
    },
    "css-tree": {
      "version": "1.0.0-alpha.28",
      "resolved": "http://registry.npm.taobao.org/css-tree/download/css-tree-1.0.0-alpha.28.tgz",
      "integrity": "sha1-joloGQ2IbJR3vI1h6W9hrz9/+n8=",
      "requires": {
        "mdn-data": "~1.1.0",
        "source-map": "^0.5.3"
      },
      "dependencies": {
        "source-map": {
          "version": "0.5.7",
          "resolved": "http://registry.npm.taobao.org/source-map/download/source-map-0.5.7.tgz",
          "integrity": "sha1-igOdLRAh0i0eoUyA2OpGi6LvP8w="
        }
      }
    },
    "cssbeautify": {
      "version": "0.3.1",
      "resolved": "http://registry.npm.taobao.org/cssbeautify/download/cssbeautify-0.3.1.tgz",
      "integrity": "sha1-Et0fc0A1wub6ymfcvc73TkKBE5c="
    },
    "esprima": {
      "version": "4.0.0",
      "resolved": "http://registry.npm.taobao.org/esprima/download/esprima-4.0.0.tgz",
      "integrity": "sha1-RJnt3NERDgshi6zy+n9/WfVcqAQ="
    },
    "mdn-data": {
      "version": "1.1.2",
      "resolved": "http://registry.npm.taobao.org/mdn-data/download/mdn-data-1.1.2.tgz",
      "integrity": "sha1-zqpqgxtN5JQ1KvmE0wHjqPLK1uU="
    },
    "source-map": {
      "version": "0.6.1",
      "resolved": "http://registry.npm.taobao.org/source-map/download/source-map-0.6.1.tgz",
      "integrity": "sha1-dHIq8y6WFOnCh6jQu95IteLxomM="
    },
    "uglify-es": {
      "version": "3.3.9",
      "resolved": "http://registry.npm.taobao.org/uglify-es/download/uglify-es-3.3.9.tgz",
      "integrity": "sha1-DBxPBwC+2NvBJM2zBNJZLKID5nc=",
      "requires": {
        "commander": "~2.13.0",
        "source-map": "~0.6.1"
      }
    },
    "vm2": {
      "version": "3.6.0",
      "resolved": "http://registry.npm.taobao.org/vm2/download/vm2-3.6.0.tgz",
      "integrity": "sha1-puY3DFfm7dd97Pt7GtZPyH2/LU4="
    }
  }
}
